
Microsoft Visual Studio Solution File, Format Version 12.00
# Visual Studio 15
VisualStudioVersion = 15.0.28307.329
MinimumVisualStudioVersion = 10.0.40219.1
Project("{FAE04EC0-301F-11D3-BF4B-00C04F79EFBC}") = "WebAdminsUi", "WebAdminsUi\WebAdminsUi.csproj", "{2DB539E4-6A39-4E97-A40C-2AA39B2B7B8F}"
EndProject
Global
	GlobalSection(SolutionConfigurationPlatforms) = preSolution
		Debug|Any CPU = Debug|Any CPU
		Release|Any CPU = Release|Any CPU
	EndGlobalSection
	GlobalSection(ProjectConfigurationPlatforms) = postSolution
		{2DB539E4-6A39-4E97-A40C-2AA39B2B7B8F}.Debug|Any CPU.ActiveCfg = Debug|Any CPU
		{2DB539E4-6A39-4E97-A40C-2AA39B2B7B8F}.Debug|Any CPU.Build.0 = Debug|Any CPU
		{2DB539E4-6A39-4E97-A40C-2AA39B2B7B8F}.Release|Any CPU.ActiveCfg = Release|Any CPU
		{2DB539E4-6A39-4E97-A40C-2AA39B2B7B8F}.Release|Any CPU.Build.0 = Release|Any CPU
	EndGlobalSection
	GlobalSection(SolutionProperties) = preSolution
		HideSolutionNode = FALSE
	EndGlobalSection
	GlobalSection(ExtensibilityGlobals) = postSolution
		SolutionGuid = {32115987-B544-47C1-A124-4EE4F09EE02E}
	EndGlobalSection
EndGlobal
